Microsoft Visual Studio Solution File, Format Version 12.00
# Visual Studio Version 17
VisualStudioVersion = 17.5.2.0
MinimumVisualStudioVersion = 10.0.40219.1
Project("{FAE04EC0-301F-11D3-BF4B-00C04F79EFBC}") = "WeatherMonitoring.Application", "WeatherMonitoring.Application\WeatherMonitoring.Application.csproj", "{88F4BB16-1B05-011F-2518-FC5CB0CA87FE}"
EndProject
Project("{FAE04EC0-301F-11D3-BF4B-00C04F79EFBC}") = "WeatherMonitoring.Console", "WeatherMonitoring.Console\WeatherMonitoring.Console.csproj", "{D0C215ED-97BC-6760-89C3-53E4DDE6B430}"
EndProject
Project("{FAE04EC0-301F-11D3-BF4B-00C04F79EFBC}") = "WeatherMonitoring.Domain", "WeatherMonitoring.Domain\WeatherMonitoring.Domain.csproj", "{C249E551-2402-53C6-BED3-51A592A56276}"
EndProject
Project("{FAE04EC0-301F-11D3-BF4B-00C04F79EFBC}") = "WeatherMonitoring.Infrastructure", "WeatherMonitoring.Infrastructure\WeatherMonitoring.Infrastructure.csproj", "{BFB002F2-317B-8C13-796B-9A0E2119646B}"
EndProject
Global
	GlobalSection(SolutionConfigurationPlatforms) = preSolution
		Debug|Any CPU = Debug|Any CPU
		Release|Any CPU = Release|Any CPU
	EndGlobalSection
	GlobalSection(ProjectConfigurationPlatforms) = postSolution
		{88F4BB16-1B05-011F-2518-FC5CB0CA87FE}.Debug|Any CPU.ActiveCfg = Debug|Any CPU
		{88F4BB16-1B05-011F-2518-FC5CB0CA87FE}.Debug|Any CPU.Build.0 = Debug|Any CPU
		{88F4BB16-1B05-011F-2518-FC5CB0CA87FE}.Release|Any CPU.ActiveCfg = Release|Any CPU
		{88F4BB16-1B05-011F-2518-FC5CB0CA87FE}.Release|Any CPU.Build.0 = Release|Any CPU
		{D0C215ED-97BC-6760-89C3-53E4DDE6B430}.Debug|Any CPU.ActiveCfg = Debug|Any CPU
		{D0C215ED-97BC-6760-89C3-53E4DDE6B430}.Debug|Any CPU.Build.0 = Debug|Any CPU
		{D0C215ED-97BC-6760-89C3-53E4DDE6B430}.Release|Any CPU.ActiveCfg = Release|Any CPU
		{D0C215ED-97BC-6760-89C3-53E4DDE6B430}.Release|Any CPU.Build.0 = Release|Any CPU
		{C249E551-2402-53C6-BED3-51A592A56276}.Debug|Any CPU.ActiveCfg = Debug|Any CPU
		{C249E551-2402-53C6-BED3-51A592A56276}.Debug|Any CPU.Build.0 = Debug|Any CPU
		{C249E551-2402-53C6-BED3-51A592A56276}.Release|Any CPU.ActiveCfg = Release|Any CPU
		{C249E551-2402-53C6-BED3-51A592A56276}.Release|Any CPU.Build.0 = Release|Any CPU
		{BFB002F2-317B-8C13-796B-9A0E2119646B}.Debug|Any CPU.ActiveCfg = Debug|Any CPU
		{BFB002F2-317B-8C13-796B-9A0E2119646B}.Debug|Any CPU.Build.0 = Debug|Any CPU
		{BFB002F2-317B-8C13-796B-9A0E2119646B}.Release|Any CPU.ActiveCfg = Release|Any CPU
		{BFB002F2-317B-8C13-796B-9A0E2119646B}.Release|Any CPU.Build.0 = Release|Any CPU
	EndGlobalSection
	GlobalSection(SolutionProperties) = preSolution
		HideSolutionNode = FALSE
	EndGlobalSection
	GlobalSection(ExtensibilityGlobals) = postSolution
		SolutionGuid = {BAE478D6-5BD5-4F44-8729-0D7C8F16E9CE}
	EndGlobalSection
EndGlobal
